
Microsoft Visual Studio Solution File, Format Version 12.00
# Visual Studio Version 16
VisualStudioVersion = 16.0.34902.97
MinimumVisualStudioVersion = 10.0.40219.1
Project("{FAE04EC0-301F-11D3-BF4B-00C04F79EFBC}") = "WindowsFormsApp1", "WindowsFormsApp1\WindowsFormsApp1.csproj", "{7E98DC4B-26DF-485A-BB09-7C93B25EA5D0}"
EndProject
Global
	GlobalSection(SolutionConfigurationPlatforms) = preSolution
		Debug|Any CPU = Debug|Any CPU
		Release|Any CPU = Release|Any CPU
	EndGlobalSection
	GlobalSection(ProjectConfigurationPlatforms) = postSolution
		{7E98DC4B-26DF-485A-BB09-7C93B25EA5D0}.Debug|Any CPU.ActiveCfg = Debug|Any CPU
		{7E98DC4B-26DF-485A-BB09-7C93B25EA5D0}.Debug|Any CPU.Build.0 = Debug|Any CPU
		{7E98DC4B-26DF-485A-BB09-7C93B25EA5D0}.Release|Any CPU.ActiveCfg = Release|Any CPU
		{7E98DC4B-26DF-485A-BB09-7C93B25EA5D0}.Release|Any CPU.Build.0 = Release|Any CPU
	EndGlobalSection
	GlobalSection(SolutionProperties) = preSolution
		HideSolutionNode = FALSE
	EndGlobalSection
	GlobalSection(ExtensibilityGlobals) = postSolution
		SolutionGuid = {7100D771-F3E6-40BA-BC70-A48306CFBCA9}
	EndGlobalSection
EndGlobal
